// !$*UTF8*$!
{
	archiveVersion = 1;
	classes = {
	};
	objectVersion = 51;
	objects = {

/* Begin PBXBuildFile section */
		2A8089E9B6A45B33B89502A5 /* Pods_Rover_ESP32.framework in Frameworks */ = {isa = PBXBuildFile; fileRef = 4C6BA08F81F43F80673CB615 /* Pods_Rover_ESP32.framework */; };
		9E0B6C7924A5FEAD00F1AD10 /* AppDelegate.swift in Sources */ = {isa = PBXBuildFile; fileRef = 9E0B6C7824A5FEAD00F1AD10 /* AppDelegate.swift */; };
		9E0B6C7B24A5FEAD00F1AD10 /* SceneDelegate.swift in Sources */ = {isa = PBXBuildFile; fileRef = 9E0B6C7A24A5FEAD00F1AD10 /* SceneDelegate.swift */; };
		9E0B6C7D24A5FEAD00F1AD10 /* ViewController.swift in Sources */ = {isa = PBXBuildFile; fileRef = 9E0B6C7C24A5FEAD00F1AD10 /* ViewController.swift */; };
		9E0B6C8024A5FEAD00F1AD10 /* Main.storyboard in Resources */ = {isa = PBXBuildFile; fileRef = 9E0B6C7E24A5FEAD00F1AD10 /* Main.storyboard */; };
		9E0B6C8224A5FEAE00F1AD10 /* Assets.xcassets in Resources */ = {isa = PBXBuildFile; fileRef = 9E0B6C8124A5FEAE00F1AD10 /* Assets.xcassets */; };
		9E0B6C8524A5FEAE00F1AD10 /* LaunchScreen.storyboard in Resources */ = {isa = PBXBuildFile; fileRef = 9E0B6C8324A5FEAE00F1AD10 /* LaunchScreen.storyboard */; };
		9E5FF44B24A60A8C0079EBC4 /* MqttManager.swift in Sources */ = {isa = PBXBuildFile; fileRef = 9E5FF44A24A60A8C0079EBC4 /* MqttManager.swift */; };
/* End PBXBuildFile section */

/* Begin PBXFileReference section */
		243A0440047B2C36F3F9ACB2 /* Pods-Rover-ESP32.debug.xcconfig */ = {isa = PBXFileReference; includeInIndex = 1; lastKnownFileType = text.xcconfig; name = "Pods-Rover-ESP32.debug.xcconfig"; path = "Target Support Files/Pods-Rover-ESP32/Pods-Rover-ESP32.debug.xcconfig"; sourceTree = "<group>"; };
		4C6BA08F81F43F80673CB615 /* Pods_Rover_ESP32.framework */ = {isa = PBXFileReference; explicitFileType = wrapper.framework; includeInIndex = 0; path = Pods_Rover_ESP32.framework; sourceTree = BUILT_PRODUCTS_DIR; };
		9E0B6C7524A5FEAD00F1AD10 /* Rover-ESP32.app */ = {isa = PBXFileReference; explicitFileType = wrapper.application; includeInIndex = 0; path = "Rover-ESP32.app"; sourceTree = BUILT_PRODUCTS_DIR; };
		9E0B6C7824A5FEAD00F1AD10 /* AppDelegate.swift */ = {isa = PBXFileReference; lastKnownFileType = sourcecode.swift; path = AppDelegate.swift; sourceTree = "<group>"; };
		9E0B6C7A24A5FEAD00F1AD10 /* SceneDelegate.swift */ = {isa = PBXFileReference; lastKnownFileType = sourcecode.swift; path = SceneDelegate.swift; sourceTree = "<group>"; };
		9E0B6C7C24A5FEAD00F1AD10 /* ViewController.swift */ = {isa = PBXFileReference; lastKnownFileType = sourcecode.swift; path = ViewController.swift; sourceTree = "<group>"; };
		9E0B6C7F24A5FEAD00F1AD10 /* Base */ = {isa = PBXFileReference; lastKnownFileType = file.storyboard; name = Base; path = Base.lproj/Main.storyboard; sourceTree = "<group>"; };
		9E0B6C8124A5FEAE00F1AD10 /* Assets.xcassets */ = {isa = PBXFileReference; lastKnownFileType = folder.assetcatalog; path = Assets.xcassets; sourceTree = "<group>"; };
		9E0B6C8424A5FEAE00F1AD10 /* Base */ = {isa = PBXFileReference; lastKnownFileType = file.storyboard; name = Base; path = Base.lproj/LaunchScreen.storyboard; sourceTree = "<group>"; };
		9E0B6C8624A5FEAE00F1AD10 /* Info.plist */ = {isa = PBXFileReference; lastKnownFileType = text.plist.xml; path = Info.plist; sourceTree = "<group>"; };
		9E5FF44A24A60A8C0079EBC4 /* MqttManager.swift */ = {isa = PBXFileReference; lastKnownFileType = sourcecode.swift; path = MqttManager.swift; sourceTree = "<group>"; };
		F80195D80F42DA9A6F88F5D0 /* Pods-Rover-ESP32.release.xcconfig */ = {isa = PBXFileReference; includeInIndex = 1; lastKnownFileType = text.xcconfig; name = "Pods-Rover-ESP32.release.xcconfig"; path = "Target Support Files/Pods-Rover-ESP32/Pods-Rover-ESP32.release.xcconfig"; sourceTree = "<group>"; };
/* End PBXFileReference section */

/* Begin PBXFrameworksBuildPhase section */
		9E0B6C7224A5FEAD00F1AD10 /* Frameworks */ = {
			isa = PBXFrameworksBuildPhase;
			buildActionMask = 2147483647;
			files = (
				2A8089E9B6A45B33B89502A5 /* Pods_Rover_ESP32.framework in Frameworks */,
			);
			runOnlyForDeploymentPostprocessing = 0;
		};
/* End PBXFrameworksBuildPhase section */

/* Begin PBXGroup section */
		16CB03E7A26557C1ABB29E88 /* Pods */ = {
			isa = PBXGroup;
			children = (
				243A0440047B2C36F3F9ACB2 /* Pods-Rover-ESP32.debug.xcconfig */,
				F80195D80F42DA9A6F88F5D0 /* Pods-Rover-ESP32.release.xcconfig */,
			);
			path = Pods;
			sourceTree = "<group>";
		};
		9E0B6C6C24A5FEAD00F1AD10 = {
			isa = PBXGroup;
			children = (
				9E0B6C7724A5FEAD00F1AD10 /* Rover-ESP32 */,
				9E0B6C7624A5FEAD00F1AD10 /* Products */,
				16CB03E7A26557C1ABB29E88 /* Pods */,
				C0FEAD57D36C7F0F9E861802 /* Frameworks */,
			);
			sourceTree = "<group>";
		};
		9E0B6C7624A5FEAD00F1AD10 /* Products */ = {
			isa = PBXGroup;
			children = (
				9E0B6C7524A5FEAD00F1AD10 /* Rover-ESP32.app */,
			);
			name = Products;
			sourceTree = "<group>";
		};
		9E0B6C7724A5FEAD00F1AD10 /* Rover-ESP32 */ = {
			isa = PBXGroup;
			children = (
				9E0B6C7824A5FEAD00F1AD10 /* AppDelegate.swift */,
				9E0B6C7A24A5FEAD00F1AD10 /* SceneDelegate.swift */,
				9E0B6C7C24A5FEAD00F1AD10 /* ViewController.swift */,
				9E0B6C7E24A5FEAD00F1AD10 /* Main.storyboard */,
				9E0B6C8124A5FEAE00F1AD10 /* Assets.xcassets */,
				9E0B6C8324A5FEAE00F1AD10 /* LaunchScreen.storyboard */,
				9E0B6C8624A5FEAE00F1AD10 /* Info.plist */,
				9E5FF44A24A60A8C0079EBC4 /* MqttManager.swift */,
			);
			path = "Rover-ESP32";
			sourceTree = "<group>";
		};
		C0FEAD57D36C7F0F9E861802 /* Frameworks */ = {
			isa = PBXGroup;
			children = (
				4C6BA08F81F43F80673CB615 /* Pods_Rover_ESP32.framework */,
			);
			name = Frameworks;
			sourceTree = "<group>";
		};
/* End PBXGroup section */

/* Begin PBXNativeTarget section */
		9E0B6C7424A5FEAD00F1AD10 /* Rover-ESP32 */ = {
			isa = PBXNativeTarget;
			buildConfigurationList = 9E0B6C8924A5FEAE00F1AD10 /* Build configuration list for PBXNativeTarget "Rover-ESP32" */;
			buildPhases = (
				9834172C7D0158F0DF961E64 /* [CP] Check Pods Manifest.lock */,
				9E0B6C7124A5FEAD00F1AD10 /* Sources */,
				9E0B6C7224A5FEAD00F1AD10 /* Frameworks */,
				9E0B6C7324A5FEAD00F1AD10 /* Resources */,
				0BACFCF45B56BA5CED125ADB /* [CP] Embed Pods Frameworks */,
			);
			buildRules = (
			);
			dependencies = (
			);
			name = "Rover-ESP32";
			productName = "Rover-ESP32";
			productReference = 9E0B6C7524A5FEAD00F1AD10 /* Rover-ESP32.app */;
			productType = "com.apple.product-type.application";
		};
/* End PBXNativeTarget section */

/* Begin PBXProject section */
		9E0B6C6D24A5FEAD00F1AD10 /* Project object */ = {
			isa = PBXProject;
			attributes = {
				LastSwiftUpdateCheck = 1150;
				LastUpgradeCheck = 1150;
				ORGANIZATIONNAME = "Alessandro D'Apice";
				TargetAttributes = {
					9E0B6C7424A5FEAD00F1AD10 = {
						CreatedOnToolsVersion = 11.5;
					};
				};
			};
			buildConfigurationList = 9E0B6C7024A5FEAD00F1AD10 /* Build configuration list for PBXProject "Rover-ESP32" */;
			compatibilityVersion = "Xcode 9.3";
			developmentRegion = en;
			hasScannedForEncodings = 0;
			knownRegions = (
				en,
				Base,
			);
			mainGroup = 9E0B6C6C24A5FEAD00F1AD10;
			productRefGroup = 9E0B6C7624A5FEAD00F1AD10 /* Products */;
			projectDirPath = "";
			projectRoot = "";
			targets = (
				9E0B6C7424A5FEAD00F1AD10 /* Rover-ESP32 */,
			);
		};
/* End PBXProject section */

/* Begin PBXResourcesBuildPhase section */
		9E0B6C7324A5FEAD00F1AD10 /* Resources */ = {
			isa = PBXResourcesBuildPhase;
			buildActionMask = 2147483647;
			files = (
				9E0B6C8524A5FEAE00F1AD10 /* LaunchScreen.storyboard in Resources */,
				9E0B6C8224A5FEAE00F1AD10 /* Assets.xcassets in Resources */,
				9E0B6C8024A5FEAD00F1AD10 /* Main.storyboard in Resources */,
			);
			runOnlyForDeploymentPostprocessing = 0;
		};
/* End PBXResourcesBuildPhase section */

/* Begin PBXShellScriptBuildPhase section */
		0BACFCF45B56BA5CED125ADB /* [CP] Embed Pods Frameworks */ = {
			isa = PBXShellScriptBuildPhase;
			buildActionMask = 2147483647;
			files = (
			);
			inputFileListPaths = (
				"${PODS_ROOT}/Target Support Files/Pods-Rover-ESP32/Pods-Rover-ESP32-frameworks-${CONFIGURATION}-input-files.xcfilelist",
			);
			name = "[CP] Embed Pods Frameworks";
			outputFileListPaths = (
				"${PODS_ROOT}/Target Support Files/Pods-Rover-ESP32/Pods-Rover-ESP32-frameworks-${CONFIGURATION}-output-files.xcfilelist",
			);
			runOnlyForDeploymentPostprocessing = 0;
			shellPath = /bin/sh;
			shellScript = "\"${PODS_ROOT}/Target Support Files/Pods-Rover-ESP32/Pods-Rover-ESP32-frameworks.sh\"\n";
			showEnvVarsInLog = 0;
		};
		9834172C7D0158F0DF961E64 /* [CP] Check Pods Manifest.lock */ = {
			isa = PBXShellScriptBuildPhase;
			buildActionMask = 2147483647;
			files = (
			);
			inputFileListPaths = (
			);
			inputPaths = (
				"${PODS_PODFILE_DIR_PATH}/Podfile.lock",
				"${PODS_ROOT}/Manifest.lock",
			);
			name = "[CP] Check Pods Manifest.lock";
			outputFileListPaths = (
			);
			outputPaths = (
				"$(DERIVED_FILE_DIR)/Pods-Rover-ESP32-checkManifestLockResult.txt",
			);
			runOnlyForDeploymentPostprocessing = 0;
			shellPath = /bin/sh;
			shellScript = "diff \"${PODS_PODFILE_DIR_PATH}/Podfile.lock\" \"${PODS_ROOT}/Manifest.lock\" > /dev/null\nif [ $? != 0 ] ; then\n    # print error to STDERR\n    echo \"error: The sandbox is not in sync with the Podfile.lock. Run 'pod install' or update your CocoaPods installation.\" >&2\n    exit 1\nfi\n# This output is used by Xcode 'outputs' to avoid re-running this script phase.\necho \"SUCCESS\" > \"${SCRIPT_OUTPUT_FILE_0}\"\n";
			showEnvVarsInLog = 0;
		};
/* End PBXShellScriptBuildPhase section */

/* Begin PBXSourcesBuildPhase section */
		9E0B6C7124A5FEAD00F1AD10 /* Sources */ = {
			isa = PBXSourcesBuildPhase;
			buildActionMask = 2147483647;
			files = (
				9E0B6C7D24A5FEAD00F1AD10 /* ViewController.swift in Sources */,
				9E5FF44B24A60A8C0079EBC4 /* MqttManager.swift in Sources */,
				9E0B6C7924A5FEAD00F1AD10 /* AppDelegate.swift in Sources */,
				9E0B6C7B24A5FEAD00F1AD10 /* SceneDelegate.swift in Sources */,
			);
			runOnlyForDeploymentPostprocessing = 0;
		};
/* End PBXSourcesBuildPhase section */

/* Begin PBXVariantGroup section */
		9E0B6C7E24A5FEAD00F1AD10 /* Main.storyboard */ = {
			isa = PBXVariantGroup;
			children = (
				9E0B6C7F24A5FEAD00F1AD10 /* Base */,
			);
			name = Main.storyboard;
			sourceTree = "<group>";
		};
		9E0B6C8324A5FEAE00F1AD10 /* LaunchScreen.storyboard */ = {
			isa = PBXVariantGroup;
			children = (
				9E0B6C8424A5FEAE00F1AD10 /* Base */,
			);
			name = LaunchScreen.storyboard;
			sourceTree = "<group>";
		};
/* End PBXVariantGroup section */

/* Begin XCBuildConfiguration section */
		9E0B6C8724A5FEAE00F1AD10 /* Debug */ = {
			isa = XCBuildConfiguration;
			buildSettings = {
				ALWAYS_SEARCH_USER_PATHS = NO;
				CLANG_ANALYZER_NONNULL = YES;
				CLANG_ANALYZER_NUMBER_OBJECT_CONVERSION = YES_AGGRESSIVE;
				CLANG_CXX_LANGUAGE_STANDARD = "gnu++14";
				CLANG_CXX_LIBRARY = "libc++";
				CLANG_ENABLE_MODULES = YES;
				CLANG_ENABLE_OBJC_ARC = YES;
				CLANG_ENABLE_OBJC_WEAK = YES;
				CLANG_WARN_BLOCK_CAPTURE_AUTORELEASING = YES;
				CLANG_WARN_BOOL_CONVERSION = YES;
				CLANG_WARN_COMMA = YES;
				CLANG_WARN_CONSTANT_CONVERSION = YES;
				CLANG_WARN_DEPRECATED_OBJC_IMPLEMENTATIONS = YES;
				CLANG_WARN_DIRECT_OBJC_ISA_USAGE = YES_ERROR;
				CLANG_WARN_DOCUMENTATION_COMMENTS = YES;
				CLANG_WARN_EMPTY_BODY = YES;
				CLANG_WARN_ENUM_CONVERSION = YES;
				CLANG_WARN_INFINITE_RECURSION = YES;
				CLANG_WARN_INT_CONVERSION = YES;
				CLANG_WARN_NON_LITERAL_NULL_CONVERSION = YES;
				CLANG_WARN_OBJC_IMPLICIT_RETAIN_SELF = YES;
				CLANG_WARN_OBJC_LITERAL_CONVERSION = YES;
				CLANG_WARN_OBJC_ROOT_CLASS = YES_ERROR;
				CLANG_WARN_RANGE_LOOP_ANALYSIS = YES;
				CLANG_WARN_STRICT_PROTOTYPES = YES;
				CLANG_WARN_SUSPICIOUS_MOVE = YES;
				CLANG_WARN_UNGUARDED_AVAILABILITY = YES_AGGRESSIVE;
				CLANG_WARN_UNREACHABLE_CODE = YES;
				CLANG_WARN__DUPLICATE_METHOD_MATCH = YES;
				COPY_PHASE_STRIP = NO;
				DEBUG_INFORMATION_FORMAT = dwarf;
				ENABLE_STRICT_OBJC_MSGSEND = YES;
				ENABLE_TESTABILITY = YES;
				GCC_C_LANGUAGE_STANDARD = gnu11;
				GCC_DYNAMIC_NO_PIC = NO;
				GCC_NO_COMMON_BLOCKS = YES;
				GCC_OPTIMIZATION_LEVEL = 0;
				GCC_PREPROCESSOR_DEFINITIONS = (
					"DEBUG=1",
					"$(inherited)",
				);
				GCC_WARN_64_TO_32_BIT_CONVERSION = YES;
				GCC_WARN_ABOUT_RETURN_TYPE = YES_ERROR;
				GCC_WARN_UNDECLARED_SELECTOR = YES;
				GCC_WARN_UNINITIALIZED_AUTOS = YES_AGGRESSIVE;
				GCC_WARN_UNUSED_FUNCTION = YES;
				GCC_WARN_UNUSED_VARIABLE = YES;
				IPHONEOS_DEPLOYMENT_TARGET = 13.5;
				MTL_ENABLE_DEBUG_INFO = INCLUDE_SOURCE;
				MTL_FAST_MATH = YES;
				ONLY_ACTIVE_ARCH = YES;
				SDKROOT = iphoneos;
				SWIFT_ACTIVE_COMPILATION_CONDITIONS = DEBUG;
				SWIFT_OPTIMIZATION_LEVEL = "-Onone";
			};
			name = Debug;
		};
		9E0B6C8824A5FEAE00F1AD10 /* Release */ = {
			isa = XCBuildConfiguration;
			buildSettings = {
				ALWAYS_SEARCH_USER_PATHS = NO;
				CLANG_ANALYZER_NONNULL = YES;
				CLANG_ANALYZER_NUMBER_OBJECT_CONVERSION = YES_AGGRESSIVE;
				CLANG_CXX_LANGUAGE_STANDARD = "gnu++14";
				CLANG_CXX_LIBRARY = "libc++";
				CLANG_ENABLE_MODULES = YES;
				CLANG_ENABLE_OBJC_ARC = YES;
				CLANG_ENABLE_OBJC_WEAK = YES;
				CLANG_WARN_BLOCK_CAPTURE_AUTORELEASING = YES;
				CLANG_WARN_BOOL_CONVERSION = YES;
				CLANG_WARN_COMMA = YES;
				CLANG_WARN_CONSTANT_CONVERSION = YES;
				CLANG_WARN_DEPRECATED_OBJC_IMPLEMENTATIONS = YES;
				CLANG_WARN_DIRECT_OBJC_ISA_USAGE = YES_ERROR;
				CLANG_WARN_DOCUMENTATION_COMMENTS = YES;
				CLANG_WARN_EMPTY_BODY = YES;
				CLANG_WARN_ENUM_CONVERSION = YES;
				CLANG_WARN_INFINITE_RECURSION = YES;
				CLANG_WARN_INT_CONVERSION = YES;
				CLANG_WARN_NON_LITERAL_NULL_CONVERSION = YES;
				CLANG_WARN_OBJC_IMPLICIT_RETAIN_SELF = YES;
				CLANG_WARN_OBJC_LITERAL_CONVERSION = YES;
				CLANG_WARN_OBJC_ROOT_CLASS = YES_ERROR;
				CLANG_WARN_RANGE_LOOP_ANALYSIS = YES;
				CLANG_WARN_STRICT_PROTOTYPES = YES;
				CLANG_WARN_SUSPICIOUS_MOVE = YES;
				CLANG_WARN_UNGUARDED_AVAILABILITY = YES_AGGRESSIVE;
				CLANG_WARN_UNREACHABLE_CODE = YES;
				CLANG_WARN__DUPLICATE_METHOD_MATCH = YES;
				COPY_PHASE_STRIP = NO;
				DEBUG_INFORMATION_FORMAT = "dwarf-with-dsym";
				ENABLE_NS_ASSERTIONS = NO;
				ENABLE_STRICT_OBJC_MSGSEND = YES;
				GCC_C_LANGUAGE_STANDARD = gnu11;
				GCC_NO_COMMON_BLOCKS = YES;
				GCC_WARN_64_TO_32_BIT_CONVERSION = YES;
				GCC_WARN_ABOUT_RETURN_TYPE = YES_ERROR;
				GCC_WARN_UNDECLARED_SELECTOR = YES;
				GCC_WARN_UNINITIALIZED_AUTOS = YES_AGGRESSIVE;
				GCC_WARN_UNUSED_FUNCTION = YES;
				GCC_WARN_UNUSED_VARIABLE = YES;
				IPHONEOS_DEPLOYMENT_TARGET = 13.5;
				MTL_ENABLE_DEBUG_INFO = NO;
				MTL_FAST_MATH = YES;
				SDKROOT = iphoneos;
				SWIFT_COMPILATION_MODE = wholemodule;
				SWIFT_OPTIMIZATION_LEVEL = "-O";
				VALIDATE_PRODUCT = YES;
			};
			name = Release;
		};
		9E0B6C8A24A5FEAE00F1AD10 /* Debug */ = {
			isa = XCBuildConfiguration;
			baseConfigurationReference = 243A0440047B2C36F3F9ACB2 /* Pods-Rover-ESP32.debug.xcconfig */;
			buildSettings = {
				ASSETCATALOG_COMPILER_APPICON_NAME = AppIcon;
				CODE_SIGN_STYLE = Automatic;
				DEVELOPMENT_TEAM = K8WJKQA676;
				INFOPLIST_FILE = "Rover-ESP32/Info.plist";
				LD_RUNPATH_SEARCH_PATHS = (
					"$(inherited)",
					"@executable_path/Frameworks",
				);
				PRODUCT_BUNDLE_IDENTIFIER = "it.unisa.applefoundationprogram.Rover.Rover-ESP32";
				PRODUCT_NAME = "$(TARGET_NAME)";
				SWIFT_VERSION = 5.0;
				TARGETED_DEVICE_FAMILY = 1;
			};
			name = Debug;
		};
		9E0B6C8B24A5FEAE00F1AD10 /* Release */ = {
			isa = XCBuildConfiguration;
			baseConfigurationReference = F80195D80F42DA9A6F88F5D0 /* Pods-Rover-ESP32.release.xcconfig */;
			buildSettings = {
				ASSETCATALOG_COMPILER_APPICON_NAME = AppIcon;
				CODE_SIGN_STYLE = Automatic;
				DEVELOPMENT_TEAM = K8WJKQA676;
				INFOPLIST_FILE = "Rover-ESP32/Info.plist";
				LD_RUNPATH_SEARCH_PATHS = (
					"$(inherited)",
					"@executable_path/Frameworks",
				);
				PRODUCT_BUNDLE_IDENTIFIER = "it.unisa.applefoundationprogram.Rover.Rover-ESP32";
				PRODUCT_NAME = "$(TARGET_NAME)";
				SWIFT_VERSION = 5.0;
				TARGETED_DEVICE_FAMILY = 1;
			};
			name = Release;
		};
/* End XCBuildConfiguration section */

/* Begin XCConfigurationList section */
		9E0B6C7024A5FEAD00F1AD10 /* Build configuration list for PBXProject "Rover-ESP32" */ = {
			isa = XCConfigurationList;
			buildConfigurations = (
				9E0B6C8724A5FEAE00F1AD10 /* Debug */,
				9E0B6C8824A5FEAE00F1AD10 /* Release */,
			);
			defaultConfigurationIsVisible = 0;
			defaultConfigurationName = Release;
		};
		9E0B6C8924A5FEAE00F1AD10 /* Build configuration list for PBXNativeTarget "Rover-ESP32" */ = {
			isa = XCConfigurationList;
			buildConfigurations = (
				9E0B6C8A24A5FEAE00F1AD10 /* Debug */,
				9E0B6C8B24A5FEAE00F1AD10 /* Release */,
			);
			defaultConfigurationIsVisible = 0;
			defaultConfigurationName = Release;
		};
/* End XCConfigurationList section */
	};
	rootObject = 9E0B6C6D24A5FEAD00F1AD10 /* Project object */;
}
